
Microsoft Visual Studio Solution File, Format Version 12.00
# Visual Studio Version 17
VisualStudioVersion = 17.0.31903.59
MinimumVisualStudioVersion = 10.0.40219.1
Project("{FAE04EC0-301F-11D3-BF4B-00C04F79EFBC}") = "exercise.battleships", "exercise.battleships\exercise.battleships.csproj", "{2CE5EF00-8B0C-4201-8BC3-84AF9E03EFE9}"
EndProject
Project("{FAE04EC0-301F-11D3-BF4B-00C04F79EFBC}") = "exercise.wwwapi", "exercise.wwwapi\exercise.wwwapi.csproj", "{486492EE-A717-4F75-9BEC-158E81E69099}"
EndProject
Global
	GlobalSection(SolutionConfigurationPlatforms) = preSolution
		Debug|Any CPU = Debug|Any CPU
		Release|Any CPU = Release|Any CPU
	EndGlobalSection
	GlobalSection(SolutionProperties) = preSolution
		HideSolutionNode = FALSE
	EndGlobalSection
	GlobalSection(ProjectConfigurationPlatforms) = postSolution
		{2CE5EF00-8B0C-4201-8BC3-84AF9E03EFE9}.Debug|Any CPU.ActiveCfg = Debug|Any CPU
		{2CE5EF00-8B0C-4201-8BC3-84AF9E03EFE9}.Debug|Any CPU.Build.0 = Debug|Any CPU
		{2CE5EF00-8B0C-4201-8BC3-84AF9E03EFE9}.Release|Any CPU.ActiveCfg = Release|Any CPU
		{2CE5EF00-8B0C-4201-8BC3-84AF9E03EFE9}.Release|Any CPU.Build.0 = Release|Any CPU
		{486492EE-A717-4F75-9BEC-158E81E69099}.Debug|Any CPU.ActiveCfg = Debug|Any CPU
		{486492EE-A717-4F75-9BEC-158E81E69099}.Debug|Any CPU.Build.0 = Debug|Any CPU
		{486492EE-A717-4F75-9BEC-158E81E69099}.Release|Any CPU.ActiveCfg = Release|Any CPU
		{486492EE-A717-4F75-9BEC-158E81E69099}.Release|Any CPU.Build.0 = Release|Any CPU
	EndGlobalSection
EndGlobal
